
Microsoft Visual Studio Solution File, Format Version 12.00
# Visual Studio Version 17
VisualStudioVersion = 17.9.34728.123
MinimumVisualStudioVersion = 10.0.40219.1
Project("{FAE04EC0-301F-11D3-BF4B-00C04F79EFBC}") = "MotoRota", "MotoRota.csproj", "{AEA5D3A0-DE74-49AA-9CFC-D9A3BF665259}"
EndProject
Global
	GlobalSection(SolutionConfigurationPlatforms) = preSolution
		Debug|Any CPU = Debug|Any CPU
		Release|Any CPU = Release|Any CPU
	EndGlobalSection
	GlobalSection(ProjectConfigurationPlatforms) = postSolution
		{AEA5D3A0-DE74-49AA-9CFC-D9A3BF665259}.Debug|Any CPU.ActiveCfg = Debug|Any CPU
		{AEA5D3A0-DE74-49AA-9CFC-D9A3BF665259}.Debug|Any CPU.Build.0 = Debug|Any CPU
		{AEA5D3A0-DE74-49AA-9CFC-D9A3BF665259}.Release|Any CPU.ActiveCfg = Release|Any CPU
		{AEA5D3A0-DE74-49AA-9CFC-D9A3BF665259}.Release|Any CPU.Build.0 = Release|Any CPU
	EndGlobalSection
	GlobalSection(SolutionProperties) = preSolution
		HideSolutionNode = FALSE
	EndGlobalSection
	GlobalSection(ExtensibilityGlobals) = postSolution
		SolutionGuid = {41559F9C-470F-465C-878D-7DC95BB1A759}
	EndGlobalSection
EndGlobal
